
Microsoft Visual Studio Solution File, Format Version 12.00
# Visual Studio 15
VisualStudioVersion = 15.0.27130.2036
MinimumVisualStudioVersion = 10.0.40219.1
Project("{FAE04EC0-301F-11D3-BF4B-00C04F79EFBC}") = "PlusOuMoins", "PlusOuMoins.csproj", "{5C244F46-9DF0-4FB0-9196-9AD924927BAC}"
EndProject
Global
	GlobalSection(SolutionConfigurationPlatforms) = preSolution
		Debug|Any CPU = Debug|Any CPU
		Release|Any CPU = Release|Any CPU
	EndGlobalSection
	GlobalSection(ProjectConfigurationPlatforms) = postSolution
		{5C244F46-9DF0-4FB0-9196-9AD924927BAC}.Debug|Any CPU.ActiveCfg = Debug|Any CPU
		{5C244F46-9DF0-4FB0-9196-9AD924927BAC}.Debug|Any CPU.Build.0 = Debug|Any CPU
		{5C244F46-9DF0-4FB0-9196-9AD924927BAC}.Release|Any CPU.ActiveCfg = Release|Any CPU
		{5C244F46-9DF0-4FB0-9196-9AD924927BAC}.Release|Any CPU.Build.0 = Release|Any CPU
	EndGlobalSection
	GlobalSection(SolutionProperties) = preSolution
		HideSolutionNode = FALSE
	EndGlobalSection
	GlobalSection(ExtensibilityGlobals) = postSolution
		SolutionGuid = {340CBBBE-6CB4-4342-8C4D-5C12144EA833}
	EndGlobalSection
EndGlobal
